// !$*UTF8*$!
{
	archiveVersion = 1;
	classes = {
	};
	objectVersion = 50;
	objects = {

/* Begin PBXBuildFile section */
		0A9E99182285632A00081BD0 /* AppDelegate.swift in Sources */ = {isa = PBXBuildFile; fileRef = 0A9E99172285632A00081BD0 /* AppDelegate.swift */; };
		0A9E991A2285632A00081BD0 /* ViewController.swift in Sources */ = {isa = PBXBuildFile; fileRef = 0A9E99192285632A00081BD0 /* ViewController.swift */; };
		0A9E991F2285632C00081BD0 /* Assets.xcassets in Resources */ = {isa = PBXBuildFile; fileRef = 0A9E991E2285632C00081BD0 /* Assets.xcassets */; };
		0A9E99222285632C00081BD0 /* LaunchScreen.storyboard in Resources */ = {isa = PBXBuildFile; fileRef = 0A9E99202285632C00081BD0 /* LaunchScreen.storyboard */; };
		0A9E992B228564AC00081BD0 /* Holder.swift in Sources */ = {isa = PBXBuildFile; fileRef = 0A9E992A228564AC00081BD0 /* Holder.swift */; };
		0A9E992D228566CA00081BD0 /* DataSource.swift in Sources */ = {isa = PBXBuildFile; fileRef = 0A9E992C228566CA00081BD0 /* DataSource.swift */; };
		0A9E992F2285676100081BD0 /* DatabaseManager.swift in Sources */ = {isa = PBXBuildFile; fileRef = 0A9E992E2285676100081BD0 /* DatabaseManager.swift */; };
		0A9E993122856B3100081BD0 /* HolderGenerationOperation.swift in Sources */ = {isa = PBXBuildFile; fileRef = 0A9E993022856B3100081BD0 /* HolderGenerationOperation.swift */; };
		0A9E993322856E2300081BD0 /* StoreHoldersOperation.swift in Sources */ = {isa = PBXBuildFile; fileRef = 0A9E993222856E2300081BD0 /* StoreHoldersOperation.swift */; };
		9B5D25A55C72BA7233F57A5F /* Pods_DataMapperTester.framework in Frameworks */ = {isa = PBXBuildFile; fileRef = 12AE6258A10177E750F9AEF4 /* Pods_DataMapperTester.framework */; };
/* End PBXBuildFile section */

/* Begin PBXFileReference section */
		0A9E99142285632A00081BD0 /* DataMapperTester.app */ = {isa = PBXFileReference; explicitFileType = wrapper.application; includeInIndex = 0; path = DataMapperTester.app; sourceTree = BUILT_PRODUCTS_DIR; };
		0A9E99172285632A00081BD0 /* AppDelegate.swift */ = {isa = PBXFileReference; lastKnownFileType = sourcecode.swift; path = AppDelegate.swift; sourceTree = "<group>"; };
		0A9E99192285632A00081BD0 /* ViewController.swift */ = {isa = PBXFileReference; lastKnownFileType = sourcecode.swift; path = ViewController.swift; sourceTree = "<group>"; };
		0A9E991E2285632C00081BD0 /* Assets.xcassets */ = {isa = PBXFileReference; lastKnownFileType = folder.assetcatalog; path = Assets.xcassets; sourceTree = "<group>"; };
		0A9E99212285632C00081BD0 /* Base */ = {isa = PBXFileReference; lastKnownFileType = file.storyboard; name = Base; path = Base.lproj/LaunchScreen.storyboard; sourceTree = "<group>"; };
		0A9E99232285632C00081BD0 /* Info.plist */ = {isa = PBXFileReference; lastKnownFileType = text.plist.xml; path = Info.plist; sourceTree = "<group>"; };
		0A9E992A228564AC00081BD0 /* Holder.swift */ = {isa = PBXFileReference; lastKnownFileType = sourcecode.swift; path = Holder.swift; sourceTree = "<group>"; };
		0A9E992C228566CA00081BD0 /* DataSource.swift */ = {isa = PBXFileReference; lastKnownFileType = sourcecode.swift; path = DataSource.swift; sourceTree = "<group>"; };
		0A9E992E2285676100081BD0 /* DatabaseManager.swift */ = {isa = PBXFileReference; lastKnownFileType = sourcecode.swift; path = DatabaseManager.swift; sourceTree = "<group>"; };
		0A9E993022856B3100081BD0 /* HolderGenerationOperation.swift */ = {isa = PBXFileReference; lastKnownFileType = sourcecode.swift; path = HolderGenerationOperation.swift; sourceTree = "<group>"; };
		0A9E993222856E2300081BD0 /* StoreHoldersOperation.swift */ = {isa = PBXFileReference; lastKnownFileType = sourcecode.swift; path = StoreHoldersOperation.swift; sourceTree = "<group>"; };
		12AE6258A10177E750F9AEF4 /* Pods_DataMapperTester.framework */ = {isa = PBXFileReference; explicitFileType = wrapper.framework; includeInIndex = 0; path = Pods_DataMapperTester.framework; sourceTree = BUILT_PRODUCTS_DIR; };
		93D3BCA3DC27F332EE542815 /* Pods-DataMapperTester.debug.xcconfig */ = {isa = PBXFileReference; includeInIndex = 1; lastKnownFileType = text.xcconfig; name = "Pods-DataMapperTester.debug.xcconfig"; path = "Target Support Files/Pods-DataMapperTester/Pods-DataMapperTester.debug.xcconfig"; sourceTree = "<group>"; };
		FC46ADD73CAB1991DFD0C19E /* Pods-DataMapperTester.release.xcconfig */ = {isa = PBXFileReference; includeInIndex = 1; lastKnownFileType = text.xcconfig; name = "Pods-DataMapperTester.release.xcconfig"; path = "Target Support Files/Pods-DataMapperTester/Pods-DataMapperTester.release.xcconfig"; sourceTree = "<group>"; };
/* End PBXFileReference section */

/* Begin PBXFrameworksBuildPhase section */
		0A9E99112285632A00081BD0 /* Frameworks */ = {
			isa = PBXFrameworksBuildPhase;
			buildActionMask = 2147483647;
			files = (
				9B5D25A55C72BA7233F57A5F /* Pods_DataMapperTester.framework in Frameworks */,
			);
			runOnlyForDeploymentPostprocessing = 0;
		};
/* End PBXFrameworksBuildPhase section */

/* Begin PBXGroup section */
		0A9E990B2285632A00081BD0 = {
			isa = PBXGroup;
			children = (
				0A9E99162285632A00081BD0 /* DataMapperTester */,
				0A9E99152285632A00081BD0 /* Products */,
				6A339EACF17ADB84D3F5A3DA /* Pods */,
				2A1253497BB661625752707C /* Frameworks */,
			);
			sourceTree = "<group>";
		};
		0A9E99152285632A00081BD0 /* Products */ = {
			isa = PBXGroup;
			children = (
				0A9E99142285632A00081BD0 /* DataMapperTester.app */,
			);
			name = Products;
			sourceTree = "<group>";
		};
		0A9E99162285632A00081BD0 /* DataMapperTester */ = {
			isa = PBXGroup;
			children = (
				0A9E99292285648400081BD0 /* Data */,
				0A9E99172285632A00081BD0 /* AppDelegate.swift */,
				0A9E99192285632A00081BD0 /* ViewController.swift */,
				0A9E991E2285632C00081BD0 /* Assets.xcassets */,
				0A9E99202285632C00081BD0 /* LaunchScreen.storyboard */,
				0A9E99232285632C00081BD0 /* Info.plist */,
			);
			path = DataMapperTester;
			sourceTree = "<group>";
		};
		0A9E99292285648400081BD0 /* Data */ = {
			isa = PBXGroup;
			children = (
				0A9E992C228566CA00081BD0 /* DataSource.swift */,
				0A9E992E2285676100081BD0 /* DatabaseManager.swift */,
				0A9E992A228564AC00081BD0 /* Holder.swift */,
				0A9E993022856B3100081BD0 /* HolderGenerationOperation.swift */,
				0A9E993222856E2300081BD0 /* StoreHoldersOperation.swift */,
			);
			path = Data;
			sourceTree = "<group>";
		};
		2A1253497BB661625752707C /* Frameworks */ = {
			isa = PBXGroup;
			children = (
				12AE6258A10177E750F9AEF4 /* Pods_DataMapperTester.framework */,
			);
			name = Frameworks;
			sourceTree = "<group>";
		};
		6A339EACF17ADB84D3F5A3DA /* Pods */ = {
			isa = PBXGroup;
			children = (
				93D3BCA3DC27F332EE542815 /* Pods-DataMapperTester.debug.xcconfig */,
				FC46ADD73CAB1991DFD0C19E /* Pods-DataMapperTester.release.xcconfig */,
			);
			path = Pods;
			sourceTree = "<group>";
		};
/* End PBXGroup section */

/* Begin PBXNativeTarget section */
		0A9E99132285632A00081BD0 /* DataMapperTester */ = {
			isa = PBXNativeTarget;
			buildConfigurationList = 0A9E99262285632C00081BD0 /* Build configuration list for PBXNativeTarget "DataMapperTester" */;
			buildPhases = (
				F66EE1D9A53F0D1830CCC974 /* [CP] Check Pods Manifest.lock */,
				0A9E99102285632A00081BD0 /* Sources */,
				0A9E99112285632A00081BD0 /* Frameworks */,
				0A9E99122285632A00081BD0 /* Resources */,
				7CD266E7B45DAC6ECE6CB4CD /* [CP] Embed Pods Frameworks */,
			);
			buildRules = (
			);
			dependencies = (
			);
			name = DataMapperTester;
			productName = DataMapperTester;
			productReference = 0A9E99142285632A00081BD0 /* DataMapperTester.app */;
			productType = "com.apple.product-type.application";
		};
/* End PBXNativeTarget section */

/* Begin PBXProject section */
		0A9E990C2285632A00081BD0 /* Project object */ = {
			isa = PBXProject;
			attributes = {
				LastSwiftUpdateCheck = 1020;
				LastUpgradeCheck = 1020;
				ORGANIZATIONNAME = "Kevin Elorza";
				TargetAttributes = {
					0A9E99132285632A00081BD0 = {
						CreatedOnToolsVersion = 10.2.1;
					};
				};
			};
			buildConfigurationList = 0A9E990F2285632A00081BD0 /* Build configuration list for PBXProject "DataMapperTester" */;
			compatibilityVersion = "Xcode 9.3";
			developmentRegion = en;
			hasScannedForEncodings = 0;
			knownRegions = (
				en,
				Base,
			);
			mainGroup = 0A9E990B2285632A00081BD0;
			productRefGroup = 0A9E99152285632A00081BD0 /* Products */;
			projectDirPath = "";
			projectRoot = "";
			targets = (
				0A9E99132285632A00081BD0 /* DataMapperTester */,
			);
		};
/* End PBXProject section */

/* Begin PBXResourcesBuildPhase section */
		0A9E99122285632A00081BD0 /* Resources */ = {
			isa = PBXResourcesBuildPhase;
			buildActionMask = 2147483647;
			files = (
				0A9E99222285632C00081BD0 /* LaunchScreen.storyboard in Resources */,
				0A9E991F2285632C00081BD0 /* Assets.xcassets in Resources */,
			);
			runOnlyForDeploymentPostprocessing = 0;
		};
/* End PBXResourcesBuildPhase section */

/* Begin PBXShellScriptBuildPhase section */
		7CD266E7B45DAC6ECE6CB4CD /* [CP] Embed Pods Frameworks */ = {
			isa = PBXShellScriptBuildPhase;
			buildActionMask = 2147483647;
			files = (
			);
			inputFileListPaths = (
			);
			inputPaths = (
				"${PODS_ROOT}/Target Support Files/Pods-DataMapperTester/Pods-DataMapperTester-frameworks.sh",
				"${BUILT_PRODUCTS_DIR}/CocoaLumberjack/CocoaLumberjack.framework",
				"${BUILT_PRODUCTS_DIR}/FRZDatabaseViewMapper/FRZDatabaseViewMapper.framework",
				"${BUILT_PRODUCTS_DIR}/YapDatabase/YapDatabase.framework",
			);
			name = "[CP] Embed Pods Frameworks";
			outputFileListPaths = (
			);
			outputPaths = (
				"${TARGET_BUILD_DIR}/${FRAMEWORKS_FOLDER_PATH}/CocoaLumberjack.framework",
				"${TARGET_BUILD_DIR}/${FRAMEWORKS_FOLDER_PATH}/FRZDatabaseViewMapper.framework",
				"${TARGET_BUILD_DIR}/${FRAMEWORKS_FOLDER_PATH}/YapDatabase.framework",
			);
			runOnlyForDeploymentPostprocessing = 0;
			shellPath = /bin/sh;
			shellScript = "\"${PODS_ROOT}/Target Support Files/Pods-DataMapperTester/Pods-DataMapperTester-frameworks.sh\"\n";
			showEnvVarsInLog = 0;
		};
		F66EE1D9A53F0D1830CCC974 /* [CP] Check Pods Manifest.lock */ = {
			isa = PBXShellScriptBuildPhase;
			buildActionMask = 2147483647;
			files = (
			);
			inputFileListPaths = (
			);
			inputPaths = (
				"${PODS_PODFILE_DIR_PATH}/Podfile.lock",
				"${PODS_ROOT}/Manifest.lock",
			);
			name = "[CP] Check Pods Manifest.lock";
			outputFileListPaths = (
			);
			outputPaths = (
				"$(DERIVED_FILE_DIR)/Pods-DataMapperTester-checkManifestLockResult.txt",
			);
			runOnlyForDeploymentPostprocessing = 0;
			shellPath = /bin/sh;
			shellScript = "diff \"${PODS_PODFILE_DIR_PATH}/Podfile.lock\" \"${PODS_ROOT}/Manifest.lock\" > /dev/null\nif [ $? != 0 ] ; then\n    # print error to STDERR\n    echo \"error: The sandbox is not in sync with the Podfile.lock. Run 'pod install' or update your CocoaPods installation.\" >&2\n    exit 1\nfi\n# This output is used by Xcode 'outputs' to avoid re-running this script phase.\necho \"SUCCESS\" > \"${SCRIPT_OUTPUT_FILE_0}\"\n";
			showEnvVarsInLog = 0;
		};
/* End PBXShellScriptBuildPhase section */

/* Begin PBXSourcesBuildPhase section */
		0A9E99102285632A00081BD0 /* Sources */ = {
			isa = PBXSourcesBuildPhase;
			buildActionMask = 2147483647;
			files = (
				0A9E991A2285632A00081BD0 /* ViewController.swift in Sources */,
				0A9E99182285632A00081BD0 /* AppDelegate.swift in Sources */,
				0A9E992F2285676100081BD0 /* DatabaseManager.swift in Sources */,
				0A9E993122856B3100081BD0 /* HolderGenerationOperation.swift in Sources */,
				0A9E992D228566CA00081BD0 /* DataSource.swift in Sources */,
				0A9E993322856E2300081BD0 /* StoreHoldersOperation.swift in Sources */,
				0A9E992B228564AC00081BD0 /* Holder.swift in Sources */,
			);
			runOnlyForDeploymentPostprocessing = 0;
		};
/* End PBXSourcesBuildPhase section */

/* Begin PBXVariantGroup section */
		0A9E99202285632C00081BD0 /* LaunchScreen.storyboard */ = {
			isa = PBXVariantGroup;
			children = (
				0A9E99212285632C00081BD0 /* Base */,
			);
			name = LaunchScreen.storyboard;
			sourceTree = "<group>";
		};
/* End PBXVariantGroup section */

/* Begin XCBuildConfiguration section */
		0A9E99242285632C00081BD0 /* Debug */ = {
			isa = XCBuildConfiguration;
			buildSettings = {
				ALWAYS_SEARCH_USER_PATHS = NO;
				CLANG_ANALYZER_NONNULL = YES;
				CLANG_ANALYZER_NUMBER_OBJECT_CONVERSION = YES_AGGRESSIVE;
				CLANG_CXX_LANGUAGE_STANDARD = "gnu++14";
				CLANG_CXX_LIBRARY = "libc++";
				CLANG_ENABLE_MODULES = YES;
				CLANG_ENABLE_OBJC_ARC = YES;
				CLANG_ENABLE_OBJC_WEAK = YES;
				CLANG_WARN_BLOCK_CAPTURE_AUTORELEASING = YES;
				CLANG_WARN_BOOL_CONVERSION = YES;
				CLANG_WARN_COMMA = YES;
				CLANG_WARN_CONSTANT_CONVERSION = YES;
				CLANG_WARN_DEPRECATED_OBJC_IMPLEMENTATIONS = YES;
				CLANG_WARN_DIRECT_OBJC_ISA_USAGE = YES_ERROR;
				CLANG_WARN_DOCUMENTATION_COMMENTS = YES;
				CLANG_WARN_EMPTY_BODY = YES;
				CLANG_WARN_ENUM_CONVERSION = YES;
				CLANG_WARN_INFINITE_RECURSION = YES;
				CLANG_WARN_INT_CONVERSION = YES;
				CLANG_WARN_NON_LITERAL_NULL_CONVERSION = YES;
				CLANG_WARN_OBJC_IMPLICIT_RETAIN_SELF = YES;
				CLANG_WARN_OBJC_LITERAL_CONVERSION = YES;
				CLANG_WARN_OBJC_ROOT_CLASS = YES_ERROR;
				CLANG_WARN_RANGE_LOOP_ANALYSIS = YES;
				CLANG_WARN_STRICT_PROTOTYPES = YES;
				CLANG_WARN_SUSPICIOUS_MOVE = YES;
				CLANG_WARN_UNGUARDED_AVAILABILITY = YES_AGGRESSIVE;
				CLANG_WARN_UNREACHABLE_CODE = YES;
				CLANG_WARN__DUPLICATE_METHOD_MATCH = YES;
				CODE_SIGN_IDENTITY = "iPhone Developer";
				COPY_PHASE_STRIP = NO;
				DEBUG_INFORMATION_FORMAT = dwarf;
				ENABLE_STRICT_OBJC_MSGSEND = YES;
				ENABLE_TESTABILITY = YES;
				GCC_C_LANGUAGE_STANDARD = gnu11;
				GCC_DYNAMIC_NO_PIC = NO;
				GCC_NO_COMMON_BLOCKS = YES;
				GCC_OPTIMIZATION_LEVEL = 0;
				GCC_PREPROCESSOR_DEFINITIONS = (
					"DEBUG=1",
					"$(inherited)",
				);
				GCC_WARN_64_TO_32_BIT_CONVERSION = YES;
				GCC_WARN_ABOUT_RETURN_TYPE = YES_ERROR;
				GCC_WARN_UNDECLARED_SELECTOR = YES;
				GCC_WARN_UNINITIALIZED_AUTOS = YES_AGGRESSIVE;
				GCC_WARN_UNUSED_FUNCTION = YES;
				GCC_WARN_UNUSED_VARIABLE = YES;
				IPHONEOS_DEPLOYMENT_TARGET = 12.2;
				MTL_ENABLE_DEBUG_INFO = INCLUDE_SOURCE;
				MTL_FAST_MATH = YES;
				ONLY_ACTIVE_ARCH = YES;
				SDKROOT = iphoneos;
				SWIFT_ACTIVE_COMPILATION_CONDITIONS = DEBUG;
				SWIFT_OPTIMIZATION_LEVEL = "-Onone";
			};
			name = Debug;
		};
		0A9E99252285632C00081BD0 /* Release */ = {
			isa = XCBuildConfiguration;
			buildSettings = {
				ALWAYS_SEARCH_USER_PATHS = NO;
				CLANG_ANALYZER_NONNULL = YES;
				CLANG_ANALYZER_NUMBER_OBJECT_CONVERSION = YES_AGGRESSIVE;
				CLANG_CXX_LANGUAGE_STANDARD = "gnu++14";
				CLANG_CXX_LIBRARY = "libc++";
				CLANG_ENABLE_MODULES = YES;
				CLANG_ENABLE_OBJC_ARC = YES;
				CLANG_ENABLE_OBJC_WEAK = YES;
				CLANG_WARN_BLOCK_CAPTURE_AUTORELEASING = YES;
				CLANG_WARN_BOOL_CONVERSION = YES;
				CLANG_WARN_COMMA = YES;
				CLANG_WARN_CONSTANT_CONVERSION = YES;
				CLANG_WARN_DEPRECATED_OBJC_IMPLEMENTATIONS = YES;
				CLANG_WARN_DIRECT_OBJC_ISA_USAGE = YES_ERROR;
				CLANG_WARN_DOCUMENTATION_COMMENTS = YES;
				CLANG_WARN_EMPTY_BODY = YES;
				CLANG_WARN_ENUM_CONVERSION = YES;
				CLANG_WARN_INFINITE_RECURSION = YES;
				CLANG_WARN_INT_CONVERSION = YES;
				CLANG_WARN_NON_LITERAL_NULL_CONVERSION = YES;
				CLANG_WARN_OBJC_IMPLICIT_RETAIN_SELF = YES;
				CLANG_WARN_OBJC_LITERAL_CONVERSION = YES;
				CLANG_WARN_OBJC_ROOT_CLASS = YES_ERROR;
				CLANG_WARN_RANGE_LOOP_ANALYSIS = YES;
				CLANG_WARN_STRICT_PROTOTYPES = YES;
				CLANG_WARN_SUSPICIOUS_MOVE = YES;
				CLANG_WARN_UNGUARDED_AVAILABILITY = YES_AGGRESSIVE;
				CLANG_WARN_UNREACHABLE_CODE = YES;
				CLANG_WARN__DUPLICATE_METHOD_MATCH = YES;
				CODE_SIGN_IDENTITY = "iPhone Developer";
				COPY_PHASE_STRIP = NO;
				DEBUG_INFORMATION_FORMAT = "dwarf-with-dsym";
				ENABLE_NS_ASSERTIONS = NO;
				ENABLE_STRICT_OBJC_MSGSEND = YES;
				GCC_C_LANGUAGE_STANDARD = gnu11;
				GCC_NO_COMMON_BLOCKS = YES;
				GCC_WARN_64_TO_32_BIT_CONVERSION = YES;
				GCC_WARN_ABOUT_RETURN_TYPE = YES_ERROR;
				GCC_WARN_UNDECLARED_SELECTOR = YES;
				GCC_WARN_UNINITIALIZED_AUTOS = YES_AGGRESSIVE;
				GCC_WARN_UNUSED_FUNCTION = YES;
				GCC_WARN_UNUSED_VARIABLE = YES;
				IPHONEOS_DEPLOYMENT_TARGET = 12.2;
				MTL_ENABLE_DEBUG_INFO = NO;
				MTL_FAST_MATH = YES;
				SDKROOT = iphoneos;
				SWIFT_COMPILATION_MODE = wholemodule;
				SWIFT_OPTIMIZATION_LEVEL = "-O";
				VALIDATE_PRODUCT = YES;
			};
			name = Release;
		};
		0A9E99272285632C00081BD0 /* Debug */ = {
			isa = XCBuildConfiguration;
			baseConfigurationReference = 93D3BCA3DC27F332EE542815 /* Pods-DataMapperTester.debug.xcconfig */;
			buildSettings = {
				ASSETCATALOG_COMPILER_APPICON_NAME = AppIcon;
				CODE_SIGN_STYLE = Automatic;
				DEVELOPMENT_TEAM = BXXX2HB5JA;
				INFOPLIST_FILE = DataMapperTester/Info.plist;
				LD_RUNPATH_SEARCH_PATHS = (
					"$(inherited)",
					"@executable_path/Frameworks",
				);
				PRODUCT_BUNDLE_IDENTIFIER = com.quebineg.DataMapperTester;
				PRODUCT_NAME = "$(TARGET_NAME)";
				SWIFT_VERSION = 5.0;
				TARGETED_DEVICE_FAMILY = "1,2";
			};
			name = Debug;
		};
		0A9E99282285632C00081BD0 /* Release */ = {
			isa = XCBuildConfiguration;
			baseConfigurationReference = FC46ADD73CAB1991DFD0C19E /* Pods-DataMapperTester.release.xcconfig */;
			buildSettings = {
				ASSETCATALOG_COMPILER_APPICON_NAME = AppIcon;
				CODE_SIGN_STYLE = Automatic;
				DEVELOPMENT_TEAM = BXXX2HB5JA;
				INFOPLIST_FILE = DataMapperTester/Info.plist;
				LD_RUNPATH_SEARCH_PATHS = (
					"$(inherited)",
					"@executable_path/Frameworks",
				);
				PRODUCT_BUNDLE_IDENTIFIER = com.quebineg.DataMapperTester;
				PRODUCT_NAME = "$(TARGET_NAME)";
				SWIFT_VERSION = 5.0;
				TARGETED_DEVICE_FAMILY = "1,2";
			};
			name = Release;
		};
/* End XCBuildConfiguration section */

/* Begin XCConfigurationList section */
		0A9E990F2285632A00081BD0 /* Build configuration list for PBXProject "DataMapperTester" */ = {
			isa = XCConfigurationList;
			buildConfigurations = (
				0A9E99242285632C00081BD0 /* Debug */,
				0A9E99252285632C00081BD0 /* Release */,
			);
			defaultConfigurationIsVisible = 0;
			defaultConfigurationName = Release;
		};
		0A9E99262285632C00081BD0 /* Build configuration list for PBXNativeTarget "DataMapperTester" */ = {
			isa = XCConfigurationList;
			buildConfigurations = (
				0A9E99272285632C00081BD0 /* Debug */,
				0A9E99282285632C00081BD0 /* Release */,
			);
			defaultConfigurationIsVisible = 0;
			defaultConfigurationName = Release;
		};
/* End XCConfigurationList section */
	};
	rootObject = 0A9E990C2285632A00081BD0 /* Project object */;
}
